
Microsoft Visual Studio Solution File, Format Version 12.00
# Visual Studio 15
VisualStudioVersion = 15.0.28307.136
MinimumVisualStudioVersion = 10.0.40219.1
Project("{FAE04EC0-301F-11D3-BF4B-00C04F79EFBC}") = "55", "55\55.csproj", "{3BA2A8F5-97C0-45E8-853A-103E6258ADBE}"
EndProject
Global
	GlobalSection(SolutionConfigurationPlatforms) = preSolution
		Debug|Any CPU = Debug|Any CPU
		Release|Any CPU = Release|Any CPU
	EndGlobalSection
	GlobalSection(ProjectConfigurationPlatforms) = postSolution
		{3BA2A8F5-97C0-45E8-853A-103E6258ADBE}.Debug|Any CPU.ActiveCfg = Debug|Any CPU
		{3BA2A8F5-97C0-45E8-853A-103E6258ADBE}.Debug|Any CPU.Build.0 = Debug|Any CPU
		{3BA2A8F5-97C0-45E8-853A-103E6258ADBE}.Release|Any CPU.ActiveCfg = Release|Any CPU
		{3BA2A8F5-97C0-45E8-853A-103E6258ADBE}.Release|Any CPU.Build.0 = Release|Any CPU
	EndGlobalSection
	GlobalSection(SolutionProperties) = preSolution
		HideSolutionNode = FALSE
	EndGlobalSection
	GlobalSection(ExtensibilityGlobals) = postSolution
		SolutionGuid = {55B7D35A-5166-4345-A23B-4ED93D9DA562}
	EndGlobalSection
EndGlobal
