
Microsoft Visual Studio Solution File, Format Version 12.00
# Visual Studio 15
VisualStudioVersion = 15.0.28010.2026
MinimumVisualStudioVersion = 10.0.40219.1
Project("{FAE04EC0-301F-11D3-BF4B-00C04F79EFBC}") = "9", "9\9.csproj", "{DB04DC5F-6437-4232-B56F-893BEEE6932B}"
EndProject
Global
	GlobalSection(SolutionConfigurationPlatforms) = preSolution
		Debug|Any CPU = Debug|Any CPU
		Release|Any CPU = Release|Any CPU
	EndGlobalSection
	GlobalSection(ProjectConfigurationPlatforms) = postSolution
		{DB04DC5F-6437-4232-B56F-893BEEE6932B}.Debug|Any CPU.ActiveCfg = Debug|Any CPU
		{DB04DC5F-6437-4232-B56F-893BEEE6932B}.Debug|Any CPU.Build.0 = Debug|Any CPU
		{DB04DC5F-6437-4232-B56F-893BEEE6932B}.Release|Any CPU.ActiveCfg = Release|Any CPU
		{DB04DC5F-6437-4232-B56F-893BEEE6932B}.Release|Any CPU.Build.0 = Release|Any CPU
	EndGlobalSection
	GlobalSection(SolutionProperties) = preSolution
		HideSolutionNode = FALSE
	EndGlobalSection
	GlobalSection(ExtensibilityGlobals) = postSolution
		SolutionGuid = {C961487B-CF9D-4C2E-AD8A-D043D29C7675}
	EndGlobalSection
EndGlobal
