
Microsoft Visual Studio Solution File, Format Version 12.00
# Visual Studio 15
VisualStudioVersion = 15.0.28010.2026
MinimumVisualStudioVersion = 10.0.40219.1
Project("{FAE04EC0-301F-11D3-BF4B-00C04F79EFBC}") = "12", "12\12.csproj", "{849AE52D-1747-4D79-8482-6562560B2DAD}"
EndProject
Global
	GlobalSection(SolutionConfigurationPlatforms) = preSolution
		Debug|Any CPU = Debug|Any CPU
		Release|Any CPU = Release|Any CPU
	EndGlobalSection
	GlobalSection(ProjectConfigurationPlatforms) = postSolution
		{849AE52D-1747-4D79-8482-6562560B2DAD}.Debug|Any CPU.ActiveCfg = Debug|Any CPU
		{849AE52D-1747-4D79-8482-6562560B2DAD}.Debug|Any CPU.Build.0 = Debug|Any CPU
		{849AE52D-1747-4D79-8482-6562560B2DAD}.Release|Any CPU.ActiveCfg = Release|Any CPU
		{849AE52D-1747-4D79-8482-6562560B2DAD}.Release|Any CPU.Build.0 = Release|Any CPU
	EndGlobalSection
	GlobalSection(SolutionProperties) = preSolution
		HideSolutionNode = FALSE
	EndGlobalSection
	GlobalSection(ExtensibilityGlobals) = postSolution
		SolutionGuid = {BA898A06-8D6B-4BA8-A699-CC5A2EC2D3B0}
	EndGlobalSection
EndGlobal
