
Microsoft Visual Studio Solution File, Format Version 12.00
# Visual Studio 15
VisualStudioVersion = 15.0.28010.2026
MinimumVisualStudioVersion = 10.0.40219.1
Project("{FAE04EC0-301F-11D3-BF4B-00C04F79EFBC}") = "20", "20\20.csproj", "{C394FAF9-4B91-4BFF-B664-8F06D5C4A5F8}"
EndProject
Global
	GlobalSection(SolutionConfigurationPlatforms) = preSolution
		Debug|Any CPU = Debug|Any CPU
		Release|Any CPU = Release|Any CPU
	EndGlobalSection
	GlobalSection(ProjectConfigurationPlatforms) = postSolution
		{C394FAF9-4B91-4BFF-B664-8F06D5C4A5F8}.Debug|Any CPU.ActiveCfg = Debug|Any CPU
		{C394FAF9-4B91-4BFF-B664-8F06D5C4A5F8}.Debug|Any CPU.Build.0 = Debug|Any CPU
		{C394FAF9-4B91-4BFF-B664-8F06D5C4A5F8}.Release|Any CPU.ActiveCfg = Release|Any CPU
		{C394FAF9-4B91-4BFF-B664-8F06D5C4A5F8}.Release|Any CPU.Build.0 = Release|Any CPU
	EndGlobalSection
	GlobalSection(SolutionProperties) = preSolution
		HideSolutionNode = FALSE
	EndGlobalSection
	GlobalSection(ExtensibilityGlobals) = postSolution
		SolutionGuid = {0EDD3203-F89A-4141-A5DB-E1F6D1BB9BED}
	EndGlobalSection
EndGlobal
