
Microsoft Visual Studio Solution File, Format Version 12.00
# Visual Studio 15
VisualStudioVersion = 15.0.28010.2026
MinimumVisualStudioVersion = 10.0.40219.1
Project("{FAE04EC0-301F-11D3-BF4B-00C04F79EFBC}") = "27", "27\27.csproj", "{B9A77E9C-FB0F-4982-8266-75279EA6BBCE}"
EndProject
Global
	GlobalSection(SolutionConfigurationPlatforms) = preSolution
		Debug|Any CPU = Debug|Any CPU
		Release|Any CPU = Release|Any CPU
	EndGlobalSection
	GlobalSection(ProjectConfigurationPlatforms) = postSolution
		{B9A77E9C-FB0F-4982-8266-75279EA6BBCE}.Debug|Any CPU.ActiveCfg = Debug|Any CPU
		{B9A77E9C-FB0F-4982-8266-75279EA6BBCE}.Debug|Any CPU.Build.0 = Debug|Any CPU
		{B9A77E9C-FB0F-4982-8266-75279EA6BBCE}.Release|Any CPU.ActiveCfg = Release|Any CPU
		{B9A77E9C-FB0F-4982-8266-75279EA6BBCE}.Release|Any CPU.Build.0 = Release|Any CPU
	EndGlobalSection
	GlobalSection(SolutionProperties) = preSolution
		HideSolutionNode = FALSE
	EndGlobalSection
	GlobalSection(ExtensibilityGlobals) = postSolution
		SolutionGuid = {3762CA4F-8697-4448-828C-80E1846D3086}
	EndGlobalSection
EndGlobal
