
Microsoft Visual Studio Solution File, Format Version 12.00
# Visual Studio 15
VisualStudioVersion = 15.0.28307.136
MinimumVisualStudioVersion = 10.0.40219.1
Project("{FAE04EC0-301F-11D3-BF4B-00C04F79EFBC}") = "52", "52\52.csproj", "{D4BA8A4A-14E2-4389-934A-334A3C105E83}"
EndProject
Global
	GlobalSection(SolutionConfigurationPlatforms) = preSolution
		Debug|Any CPU = Debug|Any CPU
		Release|Any CPU = Release|Any CPU
	EndGlobalSection
	GlobalSection(ProjectConfigurationPlatforms) = postSolution
		{D4BA8A4A-14E2-4389-934A-334A3C105E83}.Debug|Any CPU.ActiveCfg = Debug|Any CPU
		{D4BA8A4A-14E2-4389-934A-334A3C105E83}.Debug|Any CPU.Build.0 = Debug|Any CPU
		{D4BA8A4A-14E2-4389-934A-334A3C105E83}.Release|Any CPU.ActiveCfg = Release|Any CPU
		{D4BA8A4A-14E2-4389-934A-334A3C105E83}.Release|Any CPU.Build.0 = Release|Any CPU
	EndGlobalSection
	GlobalSection(SolutionProperties) = preSolution
		HideSolutionNode = FALSE
	EndGlobalSection
	GlobalSection(ExtensibilityGlobals) = postSolution
		SolutionGuid = {DD7F4F19-BE26-4D50-AF19-136EEB88235C}
	EndGlobalSection
EndGlobal
