
Microsoft Visual Studio Solution File, Format Version 12.00
# Visual Studio 15
VisualStudioVersion = 15.0.28010.2026
MinimumVisualStudioVersion = 10.0.40219.1
Project("{FAE04EC0-301F-11D3-BF4B-00C04F79EFBC}") = "2", "2\2.csproj", "{53D354A0-CD95-4ABD-B5CC-CC14B76BE2C2}"
EndProject
Global
	GlobalSection(SolutionConfigurationPlatforms) = preSolution
		Debug|Any CPU = Debug|Any CPU
		Release|Any CPU = Release|Any CPU
	EndGlobalSection
	GlobalSection(ProjectConfigurationPlatforms) = postSolution
		{53D354A0-CD95-4ABD-B5CC-CC14B76BE2C2}.Debug|Any CPU.ActiveCfg = Debug|Any CPU
		{53D354A0-CD95-4ABD-B5CC-CC14B76BE2C2}.Debug|Any CPU.Build.0 = Debug|Any CPU
		{53D354A0-CD95-4ABD-B5CC-CC14B76BE2C2}.Release|Any CPU.ActiveCfg = Release|Any CPU
		{53D354A0-CD95-4ABD-B5CC-CC14B76BE2C2}.Release|Any CPU.Build.0 = Release|Any CPU
	EndGlobalSection
	GlobalSection(SolutionProperties) = preSolution
		HideSolutionNode = FALSE
	EndGlobalSection
	GlobalSection(ExtensibilityGlobals) = postSolution
		SolutionGuid = {ECBEF550-561D-492D-B374-6067FB1CC95C}
	EndGlobalSection
EndGlobal
