
Microsoft Visual Studio Solution File, Format Version 12.00
# Visual Studio 15
VisualStudioVersion = 15.0.28307.136
MinimumVisualStudioVersion = 10.0.40219.1
Project("{FAE04EC0-301F-11D3-BF4B-00C04F79EFBC}") = "50", "50\50.csproj", "{95D4C64D-39F9-4331-B802-74C6E81A16F3}"
EndProject
Global
	GlobalSection(SolutionConfigurationPlatforms) = preSolution
		Debug|Any CPU = Debug|Any CPU
		Release|Any CPU = Release|Any CPU
	EndGlobalSection
	GlobalSection(ProjectConfigurationPlatforms) = postSolution
		{95D4C64D-39F9-4331-B802-74C6E81A16F3}.Debug|Any CPU.ActiveCfg = Debug|Any CPU
		{95D4C64D-39F9-4331-B802-74C6E81A16F3}.Debug|Any CPU.Build.0 = Debug|Any CPU
		{95D4C64D-39F9-4331-B802-74C6E81A16F3}.Release|Any CPU.ActiveCfg = Release|Any CPU
		{95D4C64D-39F9-4331-B802-74C6E81A16F3}.Release|Any CPU.Build.0 = Release|Any CPU
	EndGlobalSection
	GlobalSection(SolutionProperties) = preSolution
		HideSolutionNode = FALSE
	EndGlobalSection
	GlobalSection(ExtensibilityGlobals) = postSolution
		SolutionGuid = {FFA71BC4-B733-44DF-9047-2A3F9FF09CCB}
	EndGlobalSection
EndGlobal
